#MicroXplorer Configuration settings - do not modify
Mcu.Family=STM32G4
PC3.Mode=IN9-Single-Ended
ProjectManager.MainLocation=Core/Src
NVIC.ADC1_2_IRQn=true\:0\:0\:false\:false\:true\:true\:true
PCC.Series=STM32G4
HRTIM1.CompareValue1-Output_TE1TE2=10880
I2C2.IPParameters=Timing
HRTIM1.NumberResetSource1-Output_TF1TF2=1
USB_DEVICE.CLASS_NAME_FS=CDC
RCC.USART1Freq_Value=170000000
RCC.SAI1Freq_Value=170000000
RCC.CortexFreq_Value=170000000
HRTIM1.SetOutput1_Source1-Output_TE1TE2=HRTIM_OUTPUTSET_TIMCMP1
SPI3.Direction=SPI_DIRECTION_2LINES
SPI3.VirtualType=VM_MASTER
ADC1.InjectedOffsetNumber-2\#ChannelInjectedConversion=ADC_OFFSET_NONE
HRTIM1.RepetitionUpdate-Output_TE1TE2=HRTIM_UPDATEONREPETITION_ENABLED
ProjectManager.KeepUserCode=true
Mcu.UserName=STM32G474RBTx
ADC1.Overrun=ADC_OVR_DATA_PRESERVED
HRTIM1.CompareValue2-Output_TF1TF2=PWM_PERIOD/2
PCC.Seq0.Step0.CPU_Frequency=170 MHz
PCC.Seq0.Step0.User's_Consumption=0 mA
PC10.Signal=SPI3_SCK
PC12.Signal=UART5_TX
I2C2.Timing=0x30A0A7FB
ProjectManager.functionlistsort=1-SystemClock_Config-RCC-false-HAL-false,2-MX_GPIO_Init-GPIO-false-HAL-true,3-MX_HRTIM1_Init-HRTIM1-false-LL-true,4-MX_ADC1_Init-ADC1-false-LL-true,5-MX_FDCAN2_Init-FDCAN2-false-HAL-true,6-MX_I2C1_Init-I2C1-false-HAL-true,7-MX_I2C2_Init-I2C2-false-HAL-true,8-MX_SPI3_Init-SPI3-false-HAL-true,9-MX_UART5_Init-UART5-false-HAL-true,10-MX_USB_Device_Init-USB_DEVICE-false-HAL-false
HRTIM1.CompareUnit3-Output_TF1TF2=HRTIM_COMPAREUNIT_3
PA11.Mode=Device
PC3.Locked=true
RCC.USART2Freq_Value=170000000
PC1.Locked=true
PB11.Signal=GPIO_Output
USB.lpm_enable=DISABLE
PB13.Signal=FDCAN2_TX
PinOutPanel.RotationAngle=90
HRTIM1.ResetOutput1_Source1-Output_TE1TE2=HRTIM_OUTPUTRESET_TIMPER
RCC.MCO1PinFreq_Value=16000000
RCC.SYSCLKSource=RCC_SYSCLKSOURCE_PLLCLK
ProjectManager.StackSize=0x400
RCC.I2C3Freq_Value=170000000
RCC.LPTIM1Freq_Value=170000000
Mcu.IP4=I2C2
Mcu.IP5=NVIC
RCC.FCLKCortexFreq_Value=170000000
USB_DEVICE.MANUFACTURER_STRING=WhoFi
Mcu.IP2=HRTIM1
I2C1.IPParameters=Timing
NVIC.SVCall_IRQn=true\:0\:0\:false\:false\:true\:false\:false
Mcu.IP3=I2C1
PB4.GPIOParameters=GPIO_Label
Mcu.IP0=ADC1
Mcu.IP1=FDCAN2
HRTIM1.NumberSetSource1-Output_TE1TE2=1
PA12.Signal=USB_DP
HRTIM1.CompareUnit2-Output_TF1TF2=__NULL
PCC.PartNumber=STM32G474RBTx
Mcu.UserConstants=PWM_PERIOD,21760
Mcu.ThirdPartyNb=0
RCC.HCLKFreq_Value=170000000
RCC.I2C4Freq_Value=170000000
Mcu.IPNb=12
ProjectManager.PreviousToolchain=
RCC.APB2TimFreq_Value=170000000
PC7.Signal=HRTIM1_CHF2
ADC1.InjNumberOfConversion=4
PC3.Signal=ADC1_IN9
Mcu.Pin6=PC3
Mcu.Pin7=PA4
PB8-BOOT0.GPIOParameters=GPIO_Label
Mcu.Pin8=PA5
Mcu.Pin9=PA6
HRTIM1.FallingValue-Output_TF1TF2=136
RCC.AHBFreq_Value=170000000
Mcu.Pin0=PF0-OSC_IN
Mcu.Pin1=PF1-OSC_OUT
GPIO.groupedBy=Group By Peripherals
Mcu.Pin2=PG10-NRST
Mcu.Pin3=PC0
HRTIM1.CompareValue1-Output_TF1TF2=10880
HRTIM1.ORingUpdateSource_ADCTrigger2=HRTIM_ADCTRIGGERUPDATE_TIMER_F
RCC.USART3Freq_Value=170000000
Mcu.Pin4=PC1
Mcu.Pin5=PC2
ProjectManager.ProjectBuild=false
ADC1.ExternalTrigInjecConv=ADC_EXTERNALTRIGINJEC_HRTIM_TRG2
RCC.HSE_VALUE=16000000
NVIC.UsageFault_IRQn=true\:0\:0\:false\:false\:true\:false\:false
NVIC.DebugMonitor_IRQn=true\:0\:0\:false\:false\:true\:false\:false
PB3.Mode=Trace_Asynchronous_SW
PB2.Signal=GPIO_Output
PA4.Locked=true
PCC.Seq0.Step0.Voltage_Source=Vbus
Mcu.IP10=USB
PCC.Seq0.Step0.DMIPS=212.5
PA15.Mode=I2C
NVIC.SysTick_IRQn=true\:0\:0\:false\:false\:true\:false\:true
RCC.ADC12Freq_Value=170000000
ADC1.InjectedOffsetNumber-3\#ChannelInjectedConversion=ADC_OFFSET_NONE
Mcu.IP11=USB_DEVICE
PA4.GPIO_Speed=GPIO_SPEED_FREQ_VERY_HIGH
ProjectManager.FirmwarePackage=STM32Cube FW_G4 V1.4.0
MxDb.Version=DB.6.0.21
HRTIM1.EnableCalibration=DLLSimpleCalibration
ProjectManager.BackupPrevious=false
RCC.VCOInputFreq_Value=4000000
PA14.Mode=Trace_Asynchronous_SW
PB5.Mode=Full_Duplex_Master
RCC.I2C2CLockSelection=RCC_I2C2CLKSOURCE_SYSCLK
File.Version=6
HRTIM1.NumberResetSource1-Output_TE1TE2=1
PC9.Mode=Output_TE1TE2
VP_SYS_VS_DBSignals.Mode=DisableDeadBatterySignals
PB7.Signal=I2C1_SDA
PA8.Signal=I2C2_SDA
RCC.PLLRCLKFreq_Value=170000000
ADC1.InjectedConvMode=None
HRTIM1.RepetitionUpdate-Output_TF1TF2=HRTIM_UPDATEONREPETITION_ENABLED
NVIC.PendSV_IRQn=true\:0\:0\:false\:false\:true\:false\:false
ProjectManager.HalAssertFull=false
RCC.CRSFreq_Value=48000000
ProjectManager.ProjectName=RcMPPT
USB.battery_charging_enable=DISABLE
PCC.Seq0.Step0.Oscillator=HSE BYP PLL
Mcu.Package=LQFP64
PB9.Signal=GPIO_Output
HRTIM1.FallingValue-Output_TE1TE2=136
PA6.Signal=GPIO_Input
PB12.Mode=FDCAN_Activate
HRTIM1.CompareValue3-Output_TF1TF2=5000
PA7.Locked=true
PA5.Locked=true
ADC1.EnableInjectedConversion=ENABLE
ADC1.InjectedChannel-2\#ChannelInjectedConversion=ADC_CHANNEL_8
SPI3.Mode=SPI_MODE_MASTER
ADC1.InjectedSamplingTime-3\#ChannelInjectedConversion=ADC_SAMPLETIME_247CYCLES_5
RCC.EnbaleCSS=true
ProjectManager.ToolChainLocation=
RCC.LSI_VALUE=32000
VP_SYS_VS_Systick.Signal=SYS_VS_Systick
RCC.LSCOPinFreq_Value=32000
PA15.Signal=I2C1_SCL
HRTIM1.CompareUnit1-Output_TE1TE2=HRTIM_COMPAREUNIT_1
VP_USB_DEVICE_VS_USB_DEVICE_CDC_FS.Signal=USB_DEVICE_VS_USB_DEVICE_CDC_FS
ADC1.InjectedChannel-3\#ChannelInjectedConversion=ADC_CHANNEL_7
HRTIM1.ADCTrigger1_Source1=HRTIM_ADCTRIGGEREVENT13_TIMERF_PERIOD
HRTIM1.NumberInterruptRequests-Output_TF1TF2=1
PCC.Checker=true
PB8-BOOT0.GPIO_Label=BOOT0
PC11.Mode=Full_Duplex_Master
NVIC.USB_LP_IRQn=true\:0\:0\:true\:false\:true\:false\:true
ADC1.InjectedSamplingTime-4\#ChannelInjectedConversion=ADC_SAMPLETIME_247CYCLES_5
HRTIM1.NumberADCTriggerSource2=1
PCC.Seq0.Step0.Duration=1 ms
HRTIM1.NumberADCTriggerSource1=1
RCC.UART5CLockSelection=RCC_UART5CLKSOURCE_SYSCLK
RCC.PLLPoutputFreq_Value=170000000
HRTIM1.NumberSetSource1-Output_TF1TF2=1
RCC.APB1TimFreq_Value=170000000
NVIC.BusFault_IRQn=true\:0\:0\:false\:false\:true\:false\:false
NVIC.HRTIM1_TIMF_IRQn=true\:0\:0\:true\:false\:true\:true\:true
RCC.LPUART1Freq_Value=170000000
SPI3.IPParameters=VirtualType,Mode,Direction,BaudRatePrescaler,CalculateBaudRate
PCC.Seq0.Step0.Peripherals=ADC1 ADC2 ADC3 ADC4 ADC5 AHB_to_APB1_Bridge AHB_to_APB2_Bridge CCMSRAM CORDIC CRC CRS DAC1 DAC2 DAC3 DAC4 DMA1 DMA2 DMAMUX FDCAN1 FDCAN2 FDCAN3 FMAC GPIOA GPIOB GPIOC GPIOD GPIOF GPIOG HRTIM1 I2C1 I2C2 I2C3 I2C4 I2S2 I2S3 IWDG LPTIM1 LPUART1 OPAMP1 OPAMP2 OPAMP3 OPAMP4 OPAMP5 PWR QUADSPI1 RNG RTC RTCAPB SAI1 SPI1 SPI2 SPI3 SRAM1 SYSCFG/VREFBUF/COMP1 SYSCFG/VREFBUF/COMP2 SYSCFG/VREFBUF/COMP3 SYSCFG/VREFBUF/COMP4 SYSCFG/VREFBUF/COMP5 SYSCFG/VREFBUF/COMP6 SYSCFG/VREFBUF/COMP7 TIM1 TIM2 TIM3 TIM4 TIM5 TIM6 TIM7 TIM8 TIM15 TIM16 TIM17 TIM20 UART4 UART5 UCPD1 USART1 USART2 USART3 USB WWDG
ADC1.InjectedOffsetNumber-1\#ChannelInjectedConversion=ADC_OFFSET_NONE
PB13.Mode=FDCAN_Activate
VP_SYS_V_VREFBUF.Mode=VREFBUFOFFMode
RCC.CK48CLockSelection=RCC_USBCLKSOURCE_HSI48
ADC1.InjectedSamplingTime-1\#ChannelInjectedConversion=ADC_SAMPLETIME_247CYCLES_5
PF1-OSC_OUT.Mode=HSE-External-Oscillator
HRTIM1.SwapE=__NULL
ADC1.InjectedChannel-1\#ChannelInjectedConversion=ADC_CHANNEL_6
PA4.GPIO_Label=TP1
ADC1.EOCSelection=ADC_EOC_SEQ_CONV
ADC1.InjectedSamplingTime-2\#ChannelInjectedConversion=ADC_SAMPLETIME_247CYCLES_5
ProjectManager.CustomerFirmwarePackage=
PF1-OSC_OUT.Signal=RCC_OSC_OUT
PC4.Mode=I2C
HRTIM1.SetOutput1_Source1-Output_TF1TF2=HRTIM_OUTPUTSET_TIMPER
RCC.HSI48_VALUE=48000000
PB4.Signal=GPIO_Input
RCC.HRTIM1Freq_Value=170000000
RCC.PLLSourceVirtual=RCC_PLLSOURCE_HSE
PCC.Seq0.Step0.Category=In DS Table
RCC.I2SFreq_Value=170000000
HRTIM1.RisingValue-Output_TE1TE2=136
RCC.PLLQoutputFreq_Value=56666666.666666664
ProjectManager.ProjectFileName=RcMPPT.ioc
HRTIM1.PrescalerDead-Output_TF1TF2=HRTIM_TIMDEADTIME_PRESCALERRATIO_MUL8
Mcu.PinsNb=42
PCC.Seq0.Step0.Average_Current=100.35 mA
PCC.Vdd=3.0
ProjectManager.NoMain=false
USB_DEVICE.VirtualModeFS=Cdc_FS
ADC1.IPParameters=EnableInjectedConversion,EnableRegularConversion,InjectedRank-1\#ChannelInjectedConversion,InjectedChannel-1\#ChannelInjectedConversion,InjectedSamplingTime-1\#ChannelInjectedConversion,InjectedOffsetNumber-1\#ChannelInjectedConversion,InjNumberOfConversion,InjectedRank-2\#ChannelInjectedConversion,InjectedChannel-2\#ChannelInjectedConversion,InjectedSamplingTime-2\#ChannelInjectedConversion,InjectedOffsetNumber-2\#ChannelInjectedConversion,InjectedRank-3\#ChannelInjectedConversion,InjectedChannel-3\#ChannelInjectedConversion,InjectedSamplingTime-3\#ChannelInjectedConversion,InjectedOffsetNumber-3\#ChannelInjectedConversion,InjectedRank-4\#ChannelInjectedConversion,InjectedChannel-4\#ChannelInjectedConversion,InjectedSamplingTime-4\#ChannelInjectedConversion,InjectedOffsetNumber-4\#ChannelInjectedConversion,ExternalTrigInjecConv,DataAlign,EOCSelection,DiscontinuousConvMode,EnableInjectedOversampling,InjectedConvMode,Overrun,ClockPrescaler,EnableAnalogWatchDog1,master
ADC1.InjectedRank-4\#ChannelInjectedConversion=4
HRTIM1.ADCTrigger2_Source1=HRTIM_ADCTRIGGEREVENT24_TIMERF_CMP3
PC11.Signal=SPI3_MISO
RCC.I2C1CLockSelection=RCC_I2C1CLKSOURCE_SYSCLK
PC8.Signal=HRTIM1_CHE1
PC2.Signal=ADC1_IN8
PC4.Signal=I2C2_SCL
PC6.Signal=HRTIM1_CHF1
PC10.Mode=Full_Duplex_Master
ADC1.InjectedChannel-4\#ChannelInjectedConversion=ADC_CHANNEL_9
ADC1.DiscontinuousConvMode=DISABLE
RCC.EXTERNAL_CLOCK_VALUE=12288000
ProjectManager.DefaultFWLocation=true
PC2.Mode=IN8-Single-Ended
HRTIM1.InterruptRequests1-Output_TF1TF2=HRTIM_TIM_IT_REP
USB.IPParameters=Sof_enable,lpm_enable,battery_charging_enable
ADC1.InjectedOffsetNumber-4\#ChannelInjectedConversion=ADC_OFFSET_NONE
ProjectManager.DeletePrevious=true
PCC.Line=STM32G4x4
PC0.Signal=ADC1_IN6
PB14.Locked=true
PB10.Locked=true
RCC.QSPIFreq_Value=170000000
USB_DEVICE.IPParameters=VirtualMode,VirtualModeFS,CLASS_NAME_FS,PRODUCT_STRING_CDC_FS,MANUFACTURER_STRING
RCC.FamilyName=M
PC0.Mode=IN6-Single-Ended
HRTIM1.PrescalerRatio_TE=HRTIM_PRESCALERRATIO_MUL32
PB8-BOOT0.Locked=true
HRTIM1.PrescalerRatio_TF=HRTIM_PRESCALERRATIO_MUL32
PA13.Signal=SYS_JTMS-SWDIO
PCC.Seq0.Step0.TaMax=110.43
PCC.MCU=STM32G474R(B-C-E)Tx
PG10-NRST.Locked=true
PG10-NRST.Signal=GPIO_Input
ProjectManager.TargetToolchain=STM32CubeIDE
USB_DEVICE.PRODUCT_STRING_CDC_FS=RcMPPT
PC6.Mode=Output_TF1TF2
PCC.Seq0.Step0.Mode=RUN
VP_USB_DEVICE_VS_USB_DEVICE_CDC_FS.Mode=CDC_FS
I2C1.Timing=0x30A0A7FB
PB9.Locked=true
VP_SYS_V_VREFBUF.Signal=SYS_V_VREFBUF
ADC1.EnableAnalogWatchDog1=false
PC2.Locked=true
ProjectManager.RegisterCallBack=
RCC.USBFreq_Value=48000000
RCC.LSE_VALUE=32768
PF0-OSC_IN.Mode=HSE-External-Oscillator
PB10.Signal=GPIO_Output
PB14.Signal=GPIO_Output
PD2.Mode=Asynchronous
PA5.Signal=GPIO_Input
Mcu.Pin40=VP_SYS_VS_DBSignals
Mcu.Pin41=VP_USB_DEVICE_VS_USB_DEVICE_CDC_FS
HRTIM1.ADCTrigger_Id2=HRTIM_ADCTRIGGER_2
HRTIM1.ADCTrigger_Id1=__NULL
PC12.Mode=Asynchronous
PB8-BOOT0.Signal=GPIO_Input
HRTIM1.CompareUnit1-Output_TF1TF2=HRTIM_COMPAREUNIT_1
HRTIM1.Timeout=100
board=custom
PCC.Temperature=25
RCC.VCOOutputFreq_Value=340000000
HRTIM1.ResetOutput1_Source1-Output_TF1TF2=HRTIM_OUTPUTRESET_TIMCMP1
ProjectManager.LastFirmware=true
RCC.ADC345Freq_Value=170000000
RCC.APB2Freq_Value=170000000
ADC1.InjectedRank-3\#ChannelInjectedConversion=3
RCC.UART4Freq_Value=170000000
SPI3.CalculateBaudRate=42.5 MBits/s
PCC.Seq0.Step0.Frequency=4 MHz
PCC.Seq0.Step0.Vcore=Range1-Boost
MxCube.Version=6.2.1
PB4.GPIO_Label=SW2
Mcu.Pin37=PB9
Mcu.Pin38=VP_SYS_V_VREFBUF
Mcu.Pin35=PB7
RCC.I2C1Freq_Value=170000000
Mcu.Pin36=PB8-BOOT0
VP_SYS_VS_DBSignals.Signal=SYS_VS_DBSignals
HRTIM1.RisingValue-Output_TF1TF2=136
RCC.FDCANFreq_Value=170000000
Mcu.Pin39=VP_SYS_VS_Systick
RCC.RNGFreq_Value=48000000
Mcu.Pin30=PC12
SPI3.BaudRatePrescaler=SPI_BAUDRATEPRESCALER_4
VP_SYS_VS_Systick.Mode=SysTick
Mcu.Pin33=PB4
HRTIM1.DeadTimeInsertion-Output_TF1TF2=HRTIM_TIMDEADTIMEINSERTION_ENABLED
Mcu.Pin34=PB5
Mcu.Pin31=PD2
Mcu.Pin32=PB3
NVIC.NonMaskableInt_IRQn=true\:0\:0\:false\:false\:true\:false\:true
PA4.GPIOParameters=GPIO_Speed,GPIO_Label
RCC.UART5Freq_Value=170000000
PA13.Mode=Trace_Asynchronous_SW
ProjectManager.FreePins=false
RCC.IPParameters=ADC12Freq_Value,ADC345Freq_Value,AHBFreq_Value,APB1Freq_Value,APB1TimFreq_Value,APB2Freq_Value,APB2TimFreq_Value,CK48CLockSelection,CRSFreq_Value,CortexFreq_Value,EXTERNAL_CLOCK_VALUE,EnbaleCSS,FCLKCortexFreq_Value,FDCANFreq_Value,FamilyName,HCLKFreq_Value,HRTIM1Freq_Value,HSE_VALUE,HSI48_VALUE,HSI_VALUE,I2C1CLockSelection,I2C1Freq_Value,I2C2CLockSelection,I2C2Freq_Value,I2C3Freq_Value,I2C4Freq_Value,I2SFreq_Value,LPTIM1Freq_Value,LPUART1Freq_Value,LSCOPinFreq_Value,LSE_VALUE,LSI_VALUE,MCO1PinFreq_Value,PLLM,PLLN,PLLPoutputFreq_Value,PLLQ,PLLQoutputFreq_Value,PLLRCLKFreq_Value,PLLSourceVirtual,PWRFreq_Value,QSPIFreq_Value,RNGFreq_Value,SAI1Freq_Value,SYSCLKFreq_VALUE,SYSCLKSource,UART4Freq_Value,UART5CLockSelection,UART5Freq_Value,USART1Freq_Value,USART2Freq_Value,USART3Freq_Value,USBFreq_Value,VCOInputFreq_Value,VCOOutputFreq_Value
ProjectManager.AskForMigrate=true
Mcu.Name=STM32G474R(B-C-E)Tx
HRTIM1.PreloadEnable-Output_TE1TE2=HRTIM_PRELOAD_ENABLED
Mcu.Pin26=PA14
Mcu.Pin27=PA15
Mcu.Pin24=PA12
ProjectManager.UnderRoot=true
Mcu.Pin25=PA13
PB2.Locked=true
Mcu.IP8=SYS
Mcu.IP9=UART5
Mcu.Pin28=PC10
ADC1.EnableInjectedOversampling=DISABLE
Mcu.IP6=RCC
PC8.Mode=Output_TE1TE2
Mcu.Pin29=PC11
Mcu.IP7=SPI3
ProjectManager.CoupleFile=false
PB4.Locked=true
PCC.Seq0.Step0.Memory=FLASH/DualBank/ART
PB3.Signal=SYS_JTDO-SWO
PA4.Signal=GPIO_Output
RCC.SYSCLKFreq_VALUE=170000000
PB5.Signal=SPI3_MOSI
Mcu.Pin22=PA8
Mcu.Pin23=PA11
Mcu.Pin20=PC8
ADC1.master=1
Mcu.Pin21=PC9
PA12.Mode=Device
NVIC.ForceEnableDMAVector=true
KeepUserPlacement=false
NVIC.MemoryManagement_IRQn=true\:0\:0\:false\:false\:true\:false\:false
ProjectManager.CompilerOptimize=6
PB7.Mode=I2C
PA11.Signal=USB_DM
PA14.Signal=SYS_JTCK-SWCLK
ProjectManager.HeapSize=0x200
Mcu.Pin15=PB12
NVIC.HardFault_IRQn=true\:0\:0\:false\:false\:true\:false\:false
Mcu.Pin16=PB13
Mcu.Pin13=PB10
Mcu.Pin14=PB11
Mcu.Pin19=PC7
ProjectManager.ComputerToolchain=false
Mcu.Pin17=PB14
RCC.HSI_VALUE=16000000
Mcu.Pin18=PC6
RCC.PLLQ=RCC_PLLQ_DIV6
NVIC.PriorityGroup=NVIC_PRIORITYGROUP_4
Mcu.Pin11=PC4
Mcu.Pin12=PB2
RCC.PLLM=RCC_PLLM_DIV4
RCC.PLLN=85
Mcu.Pin10=PA7
ADC1.EnableRegularConversion=DISABLE
RCC.PWRFreq_Value=170000000
PA8.Mode=I2C
ADC1.InjectedRank-1\#ChannelInjectedConversion=1
PC9.Signal=HRTIM1_CHE2
PCC.Seq0.Step0.Vdd=3.0
PF0-OSC_IN.Signal=RCC_OSC_IN
PC7.Mode=Output_TF1TF2
PD2.Signal=UART5_RX
PCC.Seq0=1
ADC1.DataAlign=ADC_DATAALIGN_RIGHT
RCC.I2C2Freq_Value=170000000
HRTIM1.DeadTimeInsertion-Output_TE1TE2=HRTIM_TIMDEADTIMEINSERTION_ENABLED
RCC.APB1Freq_Value=170000000
USB_DEVICE.VirtualMode=Cdc
ADC1.ClockPrescaler=ADC_CLOCK_SYNC_PCLK_DIV4
PC0.Locked=true
PB11.Locked=true
ProjectManager.DeviceId=STM32G474RBTx
PC1.Signal=ADC1_IN7
PB12.Signal=FDCAN2_RX
HRTIM1.Periode_TE=PWM_PERIOD
ProjectManager.LibraryCopy=1
HRTIM1.Periode_TF=PWM_PERIOD
PC1.Mode=IN7-Single-Ended
ADC1.InjectedRank-2\#ChannelInjectedConversion=2
PA7.Signal=GPIO_Input
HRTIM1.IPParameters=PrescalerRatio_TF,Periode_TF,DeadTimeInsertion-Output_TF1TF2,CompareUnit1-Output_TF1TF2,CompareValue1-Output_TF1TF2,PrescalerDead-Output_TF1TF2,RisingValue-Output_TF1TF2,FallingValue-Output_TF1TF2,NumberSetSource1-Output_TF1TF2,SetOutput1_Source1-Output_TF1TF2,NumberResetSource1-Output_TF1TF2,ResetOutput1_Source1-Output_TF1TF2,EnableCalibration,Timeout,PrescalerRatio_TE,Periode_TE,DeadTimeInsertion-Output_TE1TE2,CompareUnit1-Output_TE1TE2,CompareValue1-Output_TE1TE2,RisingValue-Output_TE1TE2,FallingValue-Output_TE1TE2,NumberSetSource1-Output_TE1TE2,NumberResetSource1-Output_TE1TE2,SetOutput1_Source1-Output_TE1TE2,ResetOutput1_Source1-Output_TE1TE2,SwapE,PreloadEnable-Output_TF1TF2,RepetitionUpdate-Output_TF1TF2,ADCTrigger_Id1,NumberADCTriggerSource1,ADCTrigger1_Source1,PreloadEnable-Output_TE1TE2,RepetitionUpdate-Output_TE1TE2,ADCTrigger_Id2,ORingUpdateSource_ADCTrigger2,NumberADCTriggerSource2,ADCTrigger2_Source1,CompareUnit2-Output_TF1TF2,CompareValue2-Output_TF1TF2,NumberInterruptRequests-Output_TF1TF2,InterruptRequests1-Output_TF1TF2,CompareUnit3-Output_TF1TF2,CompareValue3-Output_TF1TF2
USB.Sof_enable=DISABLE
PA6.Locked=true
HRTIM1.PreloadEnable-Output_TF1TF2=HRTIM_PRELOAD_ENABLED
isbadioc=false
